
Microsoft Visual Studio Solution File, Format Version 12.00
# Visual Studio Version 17
VisualStudioVersion = 17.0.32014.148
MinimumVisualStudioVersion = 10.0.40219.1
Project("{FAE04EC0-301F-11D3-BF4B-00C04F79EFBC}") = "LeaveManagementWeb", "LeaveManagementWeb\LeaveManagementWeb.csproj", "{F535CFC5-4DA9-4F46-B364-7AE15796ECAF}"
EndProject
Global
	GlobalSection(SolutionConfigurationPlatforms) = preSolution
		Debug|Any CPU = Debug|Any CPU
		Release|Any CPU = Release|Any CPU
	EndGlobalSection
	GlobalSection(ProjectConfigurationPlatforms) = postSolution
		{F535CFC5-4DA9-4F46-B364-7AE15796ECAF}.Debug|Any CPU.ActiveCfg = Debug|Any CPU
		{F535CFC5-4DA9-4F46-B364-7AE15796ECAF}.Debug|Any CPU.Build.0 = Debug|Any CPU
		{F535CFC5-4DA9-4F46-B364-7AE15796ECAF}.Release|Any CPU.ActiveCfg = Release|Any CPU
		{F535CFC5-4DA9-4F46-B364-7AE15796ECAF}.Release|Any CPU.Build.0 = Release|Any CPU
	EndGlobalSection
	GlobalSection(SolutionProperties) = preSolution
		HideSolutionNode = FALSE
	EndGlobalSection
	GlobalSection(ExtensibilityGlobals) = postSolution
		SolutionGuid = {162547B6-0044-4005-8598-2BE09DBBD23E}
	EndGlobalSection
EndGlobal
